{
  "version": 4,
  "terraform_version": "1.9.0",
  "serial": 102,
  "lineage": "16531145-92ce-d072-8b38-b76f544d25cb",
  "outputs": {},
  "resources": [
    {
      "mode": "data",
      "type": "aws_availability_zones",
      "name": "available",
      "provider": "provider[\"registry.terraform.io/hashicorp/aws\"]",
      "instances": [
        {
          "schema_version": 0,
          "attributes": {
            "all_availability_zones": null,
            "exclude_names": null,
            "exclude_zone_ids": null,
            "filter": null,
            "group_names": [
              "us-east-1"
            ],
            "id": "us-east-1",
            "names": [
              "us-east-1a",
              "us-east-1b",
              "us-east-1c",
              "us-east-1d",
              "us-east-1e",
              "us-east-1f"
            ],
            "state": null,
            "timeouts": null,
            "zone_ids": [
              "use1-az6",
              "use1-az1",
              "use1-az2",
              "use1-az4",
              "use1-az3",
              "use1-az5"
            ]
          },
          "sensitive_attributes": []
        }
      ]
    },
    {
      "mode": "managed",
      "type": "aws_cloudwatch_log_group",
      "name": "log",
      "provider": "provider[\"registry.terraform.io/hashicorp/aws\"]",
      "instances": [
        {
          "schema_version": 0,
          "attributes": {
            "arn": "arn:aws:logs:us-east-1:245360719203:log-group:/aws/eks/learn-terraform-learn-tf/cluster",
            "id": "/aws/eks/learn-terraform-learn-tf/cluster",
            "kms_key_id": "",
            "log_group_class": "STANDARD",
            "name": "/aws/eks/learn-terraform-learn-tf/cluster",
            "name_prefix": "",
            "retention_in_days": 30,
            "skip_destroy": false,
            "tags": {},
            "tags_all": {}
          },
          "sensitive_attributes": [],
          "private": "bnVsbA=="
        }
      ]
    },
    {
      "mode": "managed",
      "type": "aws_eks_cluster",
      "name": "cluster",
      "provider": "provider[\"registry.terraform.io/hashicorp/aws\"]",
      "instances": [
        {
          "schema_version": 0,
          "attributes": {
            "access_config": [
              {
                "authentication_mode": "CONFIG_MAP",
                "bootstrap_cluster_creator_admin_permissions": false
              }
            ],
            "arn": "arn:aws:eks:us-east-1:245360719203:cluster/learn-terraform-learn-tf",
            "certificate_authority": [
              {
                "data": "LS0tLS1CRUdJTiBDRVJUSUZJQ0FURS0tLS0tCk1JSURCVENDQWUyZ0F3SUJBZ0lJVU8rZ3p6akpYQk13RFFZSktvWklodmNOQVFFTEJRQXdGVEVUTUJFR0ExVUUKQXhNS2EzVmlaWEp1WlhSbGN6QWVGdzB5TkRBMk16QXhOVFE1TURsYUZ3MHpOREEyTWpneE5UVTBNRGxhTUJVeApFekFSQmdOVkJBTVRDbXQxWW1WeWJtVjBaWE13Z2dFaU1BMEdDU3FHU0liM0RRRUJBUVVBQTRJQkR3QXdnZ0VLCkFvSUJBUURtSnB6aTZmbTJlYTVLNitsN08wVmdheVlqZWNYOGQ4UTFRVDY1VG0ycnFNcGkrWERzUmZrTWZTVmEKK2xnQ09VTVlUV0FXTUIyZVVnS3dDMkhMNzFRVEMxdjMzY1FyZzBLc05kMW5FUXVFcElBRkloYWZWSE1aMXljdgpWZE51UXJMeUlaSTVDWW81b0tocmZLWWt4cHhxNE9Bako2MlVNbG0zL1VxYk94YkluNXpTUTFLV2NjdUQ5ZUxQCkdNcHVDREQ1bnJpcVhVejJDWEQxdDZPSlZjbzhSeFp4dXU0L0pWM0ZsNXRIOFgzV3pKb0xqdk1PUE1BZzJqY3AKM216SW5ldzVCb283b2lRTGRaUVVMeXIzUWZWNUFidmN5eXp0RlYwTWwrVlhUMDhyU1hSVHdyNzFLQ1Z0QXUxVQpnWll6cXZTVjV6ekJ3MUFjYlFKZFJNQjBMYVpYQWdNQkFBR2pXVEJYTUE0R0ExVWREd0VCL3dRRUF3SUNwREFQCkJnTlZIUk1CQWY4RUJUQURBUUgvTUIwR0ExVWREZ1FXQkJSYmw3NUVtY09CODVvNDU5Y2ZKMWE1eGtPVWJ6QVYKQmdOVkhSRUVEakFNZ2dwcmRXSmxjbTVsZEdWek1BMEdDU3FHU0liM0RRRUJDd1VBQTRJQkFRQ0ZEU0R1eHRWQgpQbHR1bVZzOW5rb0tSd29VTUZMVkw3d3J1TlNNbFB3cDJYUE1KVmIzN1JWMXlRdFlTSm5ZZTZ2VXd4UG1qQU0rCnVmWFhDaFVKQXFJbnpLc2hOeFBmeWxlbDZDYjNPZHR5NjFyTzNza0ZXdnhHNGFJYVBtQTAyS0VZYjVvT0VycUYKRE0rSWx1azIxZ0dXS09IcDJhMDU5NFpBZXZha2c0Y1BrRWRtbGFxbk5Ob0M3eFY4TXlzWEloSTlJY0V2YThabApCelppc2xNYXBjSVZ5dCtIVDc0WkVmdnVlTTZlTVdweG1URlh2N3BOakNMakZTdFMzYWg5dTc1K2I5a1dsWU5uCjhXRERBNWV3OVJ2TGNBN3hZN3lTTnhLNy9Ud295ckRhVUxMbWRmTWZuVnJ6akNWRXkyQ3psOEVUZVdpclVnSFAKb3A4SXBTU2lUZkFFCi0tLS0tRU5EIENFUlRJRklDQVRFLS0tLS0K"
              }
            ],
            "cluster_id": null,
            "created_at": "2024-06-30 15:49:22.346 +0000 UTC",
            "enabled_cluster_log_types": [
              "api",
              "audit"
            ],
            "encryption_config": [],
            "endpoint": "https://74C6ACBD16E151FF151D5BEDB0A4D248.gr7.us-east-1.eks.amazonaws.com",
            "id": "learn-terraform-learn-tf",
            "identity": [
              {
                "oidc": [
                  {
                    "issuer": "https://oidc.eks.us-east-1.amazonaws.com/id/74C6ACBD16E151FF151D5BEDB0A4D248"
                  }
                ]
              }
            ],
            "kubernetes_network_config": [
              {
                "ip_family": "ipv4",
                "service_ipv4_cidr": "172.20.0.0/16",
                "service_ipv6_cidr": ""
              }
            ],
            "name": "learn-terraform-learn-tf",
            "outpost_config": [],
            "platform_version": "eks.4",
            "role_arn": "arn:aws:iam::245360719203:role/learn-terraform-learn-tf-role",
            "status": "ACTIVE",
            "tags": {},
            "tags_all": {},
            "timeouts": null,
            "version": "1.30",
            "vpc_config": [
              {
                "cluster_security_group_id": "sg-0c52c5ecdf840d38d",
                "endpoint_private_access": false,
                "endpoint_public_access": true,
                "public_access_cidrs": [
                  "0.0.0.0/0"
                ],
                "security_group_ids": [
                  "sg-0985df35ccc50bf14"
                ],
                "subnet_ids": [
                  "subnet-05482c7b534556b4c",
                  "subnet-0553cc54dcf3c00fb"
                ],
                "vpc_id": "vpc-010066db96dcfe686"
              }
            ]
          },
          "sensitive_attributes": [],
          "private": "eyJlMmJmYjczMC1lY2FhLTExZTYtOGY4OC0zNDM2M2JjN2M0YzAiOnsiY3JlYXRlIjoxODAwMDAwMDAwMDAwLCJkZWxldGUiOjkwMDAwMDAwMDAwMCwidXBkYXRlIjozNjAwMDAwMDAwMDAwfX0=",
          "dependencies": [
            "aws_cloudwatch_log_group.log",
            "aws_iam_role.cluster",
            "aws_iam_role_policy_attachment.cluster-AmazonEKSClusterPolicy",
            "aws_iam_role_policy_attachment.cluster-AmazonEKSVPCResourceController",
            "aws_security_group.sg",
            "aws_subnet.subnets",
            "aws_vpc.new-vpc",
            "data.aws_availability_zones.available"
          ]
        }
      ]
    },
    {
      "mode": "managed",
      "type": "aws_eks_node_group",
      "name": "node-1",
      "provider": "provider[\"registry.terraform.io/hashicorp/aws\"]",
      "instances": [
        {
          "schema_version": 0,
          "attributes": {
            "ami_type": "AL2023_x86_64_STANDARD",
            "arn": "arn:aws:eks:us-east-1:245360719203:nodegroup/learn-terraform-learn-tf/node-1/c6c83519-ac14-79f9-66fa-39325ca8a5bf",
            "capacity_type": "ON_DEMAND",
            "cluster_name": "learn-terraform-learn-tf",
            "disk_size": 20,
            "force_update_version": null,
            "id": "learn-terraform-learn-tf:node-1",
            "instance_types": [
              "t3.micro"
            ],
            "labels": {},
            "launch_template": [],
            "node_group_name": "node-1",
            "node_group_name_prefix": "",
            "node_role_arn": "arn:aws:iam::245360719203:role/learn-terraform-learn-tf-role-node",
            "release_version": "1.30.0-20240625",
            "remote_access": [],
            "resources": [
              {
                "autoscaling_groups": [
                  {
                    "name": "eks-node-1-c6c83519-ac14-79f9-66fa-39325ca8a5bf"
                  }
                ],
                "remote_access_security_group_id": ""
              }
            ],
            "scaling_config": [
              {
                "desired_size": 2,
                "max_size": 4,
                "min_size": 2
              }
            ],
            "status": "ACTIVE",
            "subnet_ids": [
              "subnet-05482c7b534556b4c",
              "subnet-0553cc54dcf3c00fb"
            ],
            "tags": {},
            "tags_all": {},
            "taint": [],
            "timeouts": null,
            "update_config": [
              {
                "max_unavailable": 1,
                "max_unavailable_percentage": 0
              }
            ],
            "version": "1.30"
          },
          "sensitive_attributes": [],
          "private": "eyJlMmJmYjczMC1lY2FhLTExZTYtOGY4OC0zNDM2M2JjN2M0YzAiOnsiY3JlYXRlIjozNjAwMDAwMDAwMDAwLCJkZWxldGUiOjM2MDAwMDAwMDAwMDAsInVwZGF0ZSI6MzYwMDAwMDAwMDAwMH19",
          "dependencies": [
            "aws_cloudwatch_log_group.log",
            "aws_eks_cluster.cluster",
            "aws_iam_role.cluster",
            "aws_iam_role.node",
            "aws_iam_role_policy_attachment.cluster-AmazonEKSClusterPolicy",
            "aws_iam_role_policy_attachment.cluster-AmazonEKSVPCResourceController",
            "aws_iam_role_policy_attachment.node-AmazonEC2ContainerRegistryReadOnly",
            "aws_iam_role_policy_attachment.node-AmazonEKSWorkerNodePolicy",
            "aws_iam_role_policy_attachment.node-AmazonEKS_CNI_Policy",
            "aws_security_group.sg",
            "aws_subnet.subnets",
            "aws_vpc.new-vpc",
            "data.aws_availability_zones.available"
          ]
        }
      ]
    },
    {
      "mode": "managed",
      "type": "aws_iam_role",
      "name": "cluster",
      "provider": "provider[\"registry.terraform.io/hashicorp/aws\"]",
      "instances": [
        {
          "schema_version": 0,
          "attributes": {
            "arn": "arn:aws:iam::245360719203:role/learn-terraform-learn-tf-role",
            "assume_role_policy": "{\"Statement\":[{\"Action\":\"sts:AssumeRole\",\"Effect\":\"Allow\",\"Principal\":{\"Service\":\"eks.amazonaws.com\"}}],\"Version\":\"2012-10-17\"}",
            "create_date": "2024-06-30T13:45:11Z",
            "description": "",
            "force_detach_policies": false,
            "id": "learn-terraform-learn-tf-role",
            "inline_policy": [],
            "managed_policy_arns": [
              "arn:aws:iam::aws:policy/AmazonEKSClusterPolicy",
              "arn:aws:iam::aws:policy/AmazonEKSVPCResourceController"
            ],
            "max_session_duration": 3600,
            "name": "learn-terraform-learn-tf-role",
            "name_prefix": "",
            "path": "/",
            "permissions_boundary": "",
            "tags": {},
            "tags_all": {},
            "unique_id": "AROATSIFDOVRXV5VL5UNR"
          },
          "sensitive_attributes": [],
          "private": "bnVsbA=="
        }
      ]
    },
    {
      "mode": "managed",
      "type": "aws_iam_role",
      "name": "node",
      "provider": "provider[\"registry.terraform.io/hashicorp/aws\"]",
      "instances": [
        {
          "schema_version": 0,
          "attributes": {
            "arn": "arn:aws:iam::245360719203:role/learn-terraform-learn-tf-role-node",
            "assume_role_policy": "{\"Statement\":[{\"Action\":\"sts:AssumeRole\",\"Effect\":\"Allow\",\"Principal\":{\"Service\":\"ec2.amazonaws.com\"}}],\"Version\":\"2012-10-17\"}",
            "create_date": "2024-06-30T16:45:41Z",
            "description": "",
            "force_detach_policies": false,
            "id": "learn-terraform-learn-tf-role-node",
            "inline_policy": [],
            "managed_policy_arns": [
              "arn:aws:iam::aws:policy/AmazonEC2ContainerRegistryReadOnly",
              "arn:aws:iam::aws:policy/AmazonEKSWorkerNodePolicy",
              "arn:aws:iam::aws:policy/AmazonEKS_CNI_Policy"
            ],
            "max_session_duration": 3600,
            "name": "learn-terraform-learn-tf-role-node",
            "name_prefix": "",
            "path": "/",
            "permissions_boundary": "",
            "tags": {},
            "tags_all": {},
            "unique_id": "AROATSIFDOVRWCUZ75TVW"
          },
          "sensitive_attributes": [],
          "private": "bnVsbA=="
        }
      ]
    },
    {
      "mode": "managed",
      "type": "aws_iam_role_policy_attachment",
      "name": "cluster-AmazonEKSClusterPolicy",
      "provider": "provider[\"registry.terraform.io/hashicorp/aws\"]",
      "instances": [
        {
          "schema_version": 0,
          "attributes": {
            "id": "learn-terraform-learn-tf-role-20240630154916948800000001",
            "policy_arn": "arn:aws:iam::aws:policy/AmazonEKSClusterPolicy",
            "role": "learn-terraform-learn-tf-role"
          },
          "sensitive_attributes": [],
          "private": "bnVsbA==",
          "dependencies": [
            "aws_iam_role.cluster"
          ]
        }
      ]
    },
    {
      "mode": "managed",
      "type": "aws_iam_role_policy_attachment",
      "name": "cluster-AmazonEKSVPCResourceController",
      "provider": "provider[\"registry.terraform.io/hashicorp/aws\"]",
      "instances": [
        {
          "schema_version": 0,
          "attributes": {
            "id": "learn-terraform-learn-tf-role-20240630154917190100000002",
            "policy_arn": "arn:aws:iam::aws:policy/AmazonEKSVPCResourceController",
            "role": "learn-terraform-learn-tf-role"
          },
          "sensitive_attributes": [],
          "private": "bnVsbA==",
          "dependencies": [
            "aws_iam_role.cluster"
          ]
        }
      ]
    },
    {
      "mode": "managed",
      "type": "aws_iam_role_policy_attachment",
      "name": "node-AmazonEC2ContainerRegistryReadOnly",
      "provider": "provider[\"registry.terraform.io/hashicorp/aws\"]",
      "instances": [
        {
          "schema_version": 0,
          "attributes": {
            "id": "learn-terraform-learn-tf-role-node-20240630165206194400000002",
            "policy_arn": "arn:aws:iam::aws:policy/AmazonEC2ContainerRegistryReadOnly",
            "role": "learn-terraform-learn-tf-role-node"
          },
          "sensitive_attributes": [],
          "private": "bnVsbA==",
          "dependencies": [
            "aws_iam_role.node"
          ]
        }
      ]
    },
    {
      "mode": "managed",
      "type": "aws_iam_role_policy_attachment",
      "name": "node-AmazonEKSWorkerNodePolicy",
      "provider": "provider[\"registry.terraform.io/hashicorp/aws\"]",
      "instances": [
        {
          "schema_version": 0,
          "attributes": {
            "id": "learn-terraform-learn-tf-role-node-20240630165206369500000003",
            "policy_arn": "arn:aws:iam::aws:policy/AmazonEKSWorkerNodePolicy",
            "role": "learn-terraform-learn-tf-role-node"
          },
          "sensitive_attributes": [],
          "private": "bnVsbA==",
          "dependencies": [
            "aws_iam_role.node"
          ]
        }
      ]
    },
    {
      "mode": "managed",
      "type": "aws_iam_role_policy_attachment",
      "name": "node-AmazonEKS_CNI_Policy",
      "provider": "provider[\"registry.terraform.io/hashicorp/aws\"]",
      "instances": [
        {
          "schema_version": 0,
          "attributes": {
            "id": "learn-terraform-learn-tf-role-node-20240630165206174000000001",
            "policy_arn": "arn:aws:iam::aws:policy/AmazonEKS_CNI_Policy",
            "role": "learn-terraform-learn-tf-role-node"
          },
          "sensitive_attributes": [],
          "private": "bnVsbA==",
          "dependencies": [
            "aws_iam_role.node"
          ]
        }
      ]
    },
    {
      "mode": "managed",
      "type": "aws_internet_gateway",
      "name": "new-igw",
      "provider": "provider[\"registry.terraform.io/hashicorp/aws\"]",
      "instances": [
        {
          "schema_version": 0,
          "attributes": {
            "arn": "arn:aws:ec2:us-east-1:245360719203:internet-gateway/igw-07922d131a15e85ed",
            "id": "igw-07922d131a15e85ed",
            "owner_id": "245360719203",
            "tags": {
              "Name": "learn-terraform-igw"
            },
            "tags_all": {
              "Name": "learn-terraform-igw"
            },
            "timeouts": null,
            "vpc_id": "vpc-010066db96dcfe686"
          },
          "sensitive_attributes": [],
          "private": "eyJlMmJmYjczMC1lY2FhLTExZTYtOGY4OC0zNDM2M2JjN2M0YzAiOnsiY3JlYXRlIjoxMjAwMDAwMDAwMDAwLCJkZWxldGUiOjEyMDAwMDAwMDAwMDAsInVwZGF0ZSI6MTIwMDAwMDAwMDAwMH19",
          "dependencies": [
            "aws_vpc.new-vpc"
          ]
        }
      ]
    },
    {
      "mode": "managed",
      "type": "aws_route_table",
      "name": "new-rtb",
      "provider": "provider[\"registry.terraform.io/hashicorp/aws\"]",
      "instances": [
        {
          "schema_version": 0,
          "attributes": {
            "arn": "arn:aws:ec2:us-east-1:245360719203:route-table/rtb-078bba9f9d986f81f",
            "id": "rtb-078bba9f9d986f81f",
            "owner_id": "245360719203",
            "propagating_vgws": [],
            "route": [
              {
                "carrier_gateway_id": "",
                "cidr_block": "0.0.0.0/0",
                "core_network_arn": "",
                "destination_prefix_list_id": "",
                "egress_only_gateway_id": "",
                "gateway_id": "igw-07922d131a15e85ed",
                "ipv6_cidr_block": "",
                "local_gateway_id": "",
                "nat_gateway_id": "",
                "network_interface_id": "",
                "transit_gateway_id": "",
                "vpc_endpoint_id": "",
                "vpc_peering_connection_id": ""
              }
            ],
            "tags": {
              "Name": "learn-terraform-rtb"
            },
            "tags_all": {
              "Name": "learn-terraform-rtb"
            },
            "timeouts": null,
            "vpc_id": "vpc-010066db96dcfe686"
          },
          "sensitive_attributes": [],
          "private": "eyJlMmJmYjczMC1lY2FhLTExZTYtOGY4OC0zNDM2M2JjN2M0YzAiOnsiY3JlYXRlIjozMDAwMDAwMDAwMDAsImRlbGV0ZSI6MzAwMDAwMDAwMDAwLCJ1cGRhdGUiOjEyMDAwMDAwMDAwMH19",
          "dependencies": [
            "aws_internet_gateway.new-igw",
            "aws_vpc.new-vpc"
          ]
        }
      ]
    },
    {
      "mode": "managed",
      "type": "aws_route_table_association",
      "name": "new-rtb-association",
      "provider": "provider[\"registry.terraform.io/hashicorp/aws\"]",
      "instances": [
        {
          "index_key": 0,
          "schema_version": 0,
          "attributes": {
            "gateway_id": "",
            "id": "rtbassoc-067e6f71c6e6bfb70",
            "route_table_id": "rtb-078bba9f9d986f81f",
            "subnet_id": "subnet-05482c7b534556b4c",
            "timeouts": null
          },
          "sensitive_attributes": [],
          "private": "eyJlMmJmYjczMC1lY2FhLTExZTYtOGY4OC0zNDM2M2JjN2M0YzAiOnsiY3JlYXRlIjozMDAwMDAwMDAwMDAsImRlbGV0ZSI6MzAwMDAwMDAwMDAwLCJ1cGRhdGUiOjEyMDAwMDAwMDAwMH19",
          "dependencies": [
            "aws_internet_gateway.new-igw",
            "aws_route_table.new-rtb",
            "aws_subnet.subnets",
            "aws_vpc.new-vpc",
            "data.aws_availability_zones.available"
          ]
        },
        {
          "index_key": 1,
          "schema_version": 0,
          "attributes": {
            "gateway_id": "",
            "id": "rtbassoc-0462b687b441a6830",
            "route_table_id": "rtb-078bba9f9d986f81f",
            "subnet_id": "subnet-0553cc54dcf3c00fb",
            "timeouts": null
          },
          "sensitive_attributes": [],
          "private": "eyJlMmJmYjczMC1lY2FhLTExZTYtOGY4OC0zNDM2M2JjN2M0YzAiOnsiY3JlYXRlIjozMDAwMDAwMDAwMDAsImRlbGV0ZSI6MzAwMDAwMDAwMDAwLCJ1cGRhdGUiOjEyMDAwMDAwMDAwMH19",
          "dependencies": [
            "aws_internet_gateway.new-igw",
            "aws_route_table.new-rtb",
            "aws_subnet.subnets",
            "aws_vpc.new-vpc",
            "data.aws_availability_zones.available"
          ]
        }
      ]
    },
    {
      "mode": "managed",
      "type": "aws_security_group",
      "name": "sg",
      "provider": "provider[\"registry.terraform.io/hashicorp/aws\"]",
      "instances": [
        {
          "schema_version": 1,
          "attributes": {
            "arn": "arn:aws:ec2:us-east-1:245360719203:security-group/sg-0985df35ccc50bf14",
            "description": "Managed by Terraform",
            "egress": [
              {
                "cidr_blocks": [
                  "0.0.0.0/0"
                ],
                "description": "",
                "from_port": 0,
                "ipv6_cidr_blocks": [],
                "prefix_list_ids": [],
                "protocol": "-1",
                "security_groups": [],
                "self": false,
                "to_port": 0
              }
            ],
            "id": "sg-0985df35ccc50bf14",
            "ingress": [],
            "name": "terraform-20240630113626205600000001",
            "name_prefix": "terraform-",
            "owner_id": "245360719203",
            "revoke_rules_on_delete": false,
            "tags": {
              "Name": "learn-terraform-sg"
            },
            "tags_all": {
              "Name": "learn-terraform-sg"
            },
            "timeouts": null,
            "vpc_id": "vpc-010066db96dcfe686"
          },
          "sensitive_attributes": [],
          "private": "eyJlMmJmYjczMC1lY2FhLTExZTYtOGY4OC0zNDM2M2JjN2M0YzAiOnsiY3JlYXRlIjo2MDAwMDAwMDAwMDAsImRlbGV0ZSI6OTAwMDAwMDAwMDAwfSwic2NoZW1hX3ZlcnNpb24iOiIxIn0=",
          "dependencies": [
            "aws_vpc.new-vpc"
          ]
        }
      ]
    },
    {
      "mode": "managed",
      "type": "aws_subnet",
      "name": "subnets",
      "provider": "provider[\"registry.terraform.io/hashicorp/aws\"]",
      "instances": [
        {
          "index_key": 0,
          "schema_version": 1,
          "attributes": {
            "arn": "arn:aws:ec2:us-east-1:245360719203:subnet/subnet-05482c7b534556b4c",
            "assign_ipv6_address_on_creation": false,
            "availability_zone": "us-east-1a",
            "availability_zone_id": "use1-az6",
            "cidr_block": "10.0.0.0/24",
            "customer_owned_ipv4_pool": "",
            "enable_dns64": false,
            "enable_lni_at_device_index": 0,
            "enable_resource_name_dns_a_record_on_launch": false,
            "enable_resource_name_dns_aaaa_record_on_launch": false,
            "id": "subnet-05482c7b534556b4c",
            "ipv6_cidr_block": "",
            "ipv6_cidr_block_association_id": "",
            "ipv6_native": false,
            "map_customer_owned_ip_on_launch": false,
            "map_public_ip_on_launch": true,
            "outpost_arn": "",
            "owner_id": "245360719203",
            "private_dns_hostname_type_on_launch": "ip-name",
            "tags": {
              "Name": "learn-terraform-subnet-0"
            },
            "tags_all": {
              "Name": "learn-terraform-subnet-0"
            },
            "timeouts": null,
            "vpc_id": "vpc-010066db96dcfe686"
          },
          "sensitive_attributes": [],
          "private": "eyJlMmJmYjczMC1lY2FhLTExZTYtOGY4OC0zNDM2M2JjN2M0YzAiOnsiY3JlYXRlIjo2MDAwMDAwMDAwMDAsImRlbGV0ZSI6MTIwMDAwMDAwMDAwMH0sInNjaGVtYV92ZXJzaW9uIjoiMSJ9",
          "dependencies": [
            "aws_vpc.new-vpc",
            "data.aws_availability_zones.available"
          ]
        },
        {
          "index_key": 1,
          "schema_version": 1,
          "attributes": {
            "arn": "arn:aws:ec2:us-east-1:245360719203:subnet/subnet-0553cc54dcf3c00fb",
            "assign_ipv6_address_on_creation": false,
            "availability_zone": "us-east-1b",
            "availability_zone_id": "use1-az1",
            "cidr_block": "10.0.1.0/24",
            "customer_owned_ipv4_pool": "",
            "enable_dns64": false,
            "enable_lni_at_device_index": 0,
            "enable_resource_name_dns_a_record_on_launch": false,
            "enable_resource_name_dns_aaaa_record_on_launch": false,
            "id": "subnet-0553cc54dcf3c00fb",
            "ipv6_cidr_block": "",
            "ipv6_cidr_block_association_id": "",
            "ipv6_native": false,
            "map_customer_owned_ip_on_launch": false,
            "map_public_ip_on_launch": true,
            "outpost_arn": "",
            "owner_id": "245360719203",
            "private_dns_hostname_type_on_launch": "ip-name",
            "tags": {
              "Name": "learn-terraform-subnet-1"
            },
            "tags_all": {
              "Name": "learn-terraform-subnet-1"
            },
            "timeouts": null,
            "vpc_id": "vpc-010066db96dcfe686"
          },
          "sensitive_attributes": [],
          "private": "eyJlMmJmYjczMC1lY2FhLTExZTYtOGY4OC0zNDM2M2JjN2M0YzAiOnsiY3JlYXRlIjo2MDAwMDAwMDAwMDAsImRlbGV0ZSI6MTIwMDAwMDAwMDAwMH0sInNjaGVtYV92ZXJzaW9uIjoiMSJ9",
          "dependencies": [
            "aws_vpc.new-vpc",
            "data.aws_availability_zones.available"
          ]
        }
      ]
    },
    {
      "mode": "managed",
      "type": "aws_vpc",
      "name": "new-vpc",
      "provider": "provider[\"registry.terraform.io/hashicorp/aws\"]",
      "instances": [
        {
          "schema_version": 1,
          "attributes": {
            "arn": "arn:aws:ec2:us-east-1:245360719203:vpc/vpc-010066db96dcfe686",
            "assign_generated_ipv6_cidr_block": false,
            "cidr_block": "10.0.0.0/16",
            "default_network_acl_id": "acl-036f2df50ec657c4f",
            "default_route_table_id": "rtb-0fca7db57c914e13c",
            "default_security_group_id": "sg-0bace78094499efab",
            "dhcp_options_id": "dopt-073673ad7e462a105",
            "enable_dns_hostnames": false,
            "enable_dns_support": true,
            "enable_network_address_usage_metrics": false,
            "id": "vpc-010066db96dcfe686",
            "instance_tenancy": "default",
            "ipv4_ipam_pool_id": null,
            "ipv4_netmask_length": null,
            "ipv6_association_id": "",
            "ipv6_cidr_block": "",
            "ipv6_cidr_block_network_border_group": "",
            "ipv6_ipam_pool_id": "",
            "ipv6_netmask_length": 0,
            "main_route_table_id": "rtb-0fca7db57c914e13c",
            "owner_id": "245360719203",
            "tags": {
              "Name": "learn-terraform-vpc"
            },
            "tags_all": {
              "Name": "learn-terraform-vpc"
            }
          },
          "sensitive_attributes": [],
          "private": "eyJzY2hlbWFfdmVyc2lvbiI6IjEifQ=="
        }
      ]
    },
    {
      "mode": "managed",
      "type": "local_file",
      "name": "kubeconfig",
      "provider": "provider[\"registry.terraform.io/hashicorp/local\"]",
      "instances": [
        {
          "schema_version": 0,
          "attributes": {
            "content": "apiVersion: v1\nclusters:\n- cluster:\n    server: https://74C6ACBD16E151FF151D5BEDB0A4D248.gr7.us-east-1.eks.amazonaws.com\n    certificate-authority-data: LS0tLS1CRUdJTiBDRVJUSUZJQ0FURS0tLS0tCk1JSURCVENDQWUyZ0F3SUJBZ0lJVU8rZ3p6akpYQk13RFFZSktvWklodmNOQVFFTEJRQXdGVEVUTUJFR0ExVUUKQXhNS2EzVmlaWEp1WlhSbGN6QWVGdzB5TkRBMk16QXhOVFE1TURsYUZ3MHpOREEyTWpneE5UVTBNRGxhTUJVeApFekFSQmdOVkJBTVRDbXQxWW1WeWJtVjBaWE13Z2dFaU1BMEdDU3FHU0liM0RRRUJBUVVBQTRJQkR3QXdnZ0VLCkFvSUJBUURtSnB6aTZmbTJlYTVLNitsN08wVmdheVlqZWNYOGQ4UTFRVDY1VG0ycnFNcGkrWERzUmZrTWZTVmEKK2xnQ09VTVlUV0FXTUIyZVVnS3dDMkhMNzFRVEMxdjMzY1FyZzBLc05kMW5FUXVFcElBRkloYWZWSE1aMXljdgpWZE51UXJMeUlaSTVDWW81b0tocmZLWWt4cHhxNE9Bako2MlVNbG0zL1VxYk94YkluNXpTUTFLV2NjdUQ5ZUxQCkdNcHVDREQ1bnJpcVhVejJDWEQxdDZPSlZjbzhSeFp4dXU0L0pWM0ZsNXRIOFgzV3pKb0xqdk1PUE1BZzJqY3AKM216SW5ldzVCb283b2lRTGRaUVVMeXIzUWZWNUFidmN5eXp0RlYwTWwrVlhUMDhyU1hSVHdyNzFLQ1Z0QXUxVQpnWll6cXZTVjV6ekJ3MUFjYlFKZFJNQjBMYVpYQWdNQkFBR2pXVEJYTUE0R0ExVWREd0VCL3dRRUF3SUNwREFQCkJnTlZIUk1CQWY4RUJUQURBUUgvTUIwR0ExVWREZ1FXQkJSYmw3NUVtY09CODVvNDU5Y2ZKMWE1eGtPVWJ6QVYKQmdOVkhSRUVEakFNZ2dwcmRXSmxjbTVsZEdWek1BMEdDU3FHU0liM0RRRUJDd1VBQTRJQkFRQ0ZEU0R1eHRWQgpQbHR1bVZzOW5rb0tSd29VTUZMVkw3d3J1TlNNbFB3cDJYUE1KVmIzN1JWMXlRdFlTSm5ZZTZ2VXd4UG1qQU0rCnVmWFhDaFVKQXFJbnpLc2hOeFBmeWxlbDZDYjNPZHR5NjFyTzNza0ZXdnhHNGFJYVBtQTAyS0VZYjVvT0VycUYKRE0rSWx1azIxZ0dXS09IcDJhMDU5NFpBZXZha2c0Y1BrRWRtbGFxbk5Ob0M3eFY4TXlzWEloSTlJY0V2YThabApCelppc2xNYXBjSVZ5dCtIVDc0WkVmdnVlTTZlTVdweG1URlh2N3BOakNMakZTdFMzYWg5dTc1K2I5a1dsWU5uCjhXRERBNWV3OVJ2TGNBN3hZN3lTTnhLNy9Ud295ckRhVUxMbWRmTWZuVnJ6akNWRXkyQ3psOEVUZVdpclVnSFAKb3A4SXBTU2lUZkFFCi0tLS0tRU5EIENFUlRJRklDQVRFLS0tLS0K\n  name: kubernetes\ncontexts:\n- context:\n    cluster: kubernetes\n    user: \"learn-terraform-learn-tf\"\n  name: \"learn-terraform-learn-tf\"\ncurrent-context: \"learn-terraform-learn-tf\"\nkind: Config\npreferences: {}\nusers:\n- name: \"learn-terraform-learn-tf\"\n  user:\n    exec:\n      apiVersion: client.authentication.k8s.io/v1beta1\n      command: aws\n      args:\n        - \"eks\"\n        - \"get-token\"\n        - \"-i\"\n        - \"--cluster-name\"\n        - \"learn-terraform-learn-tf\"\n",
            "content_base64": null,
            "content_base64sha256": "n6tk0rmPe92b4P5EzR+EycWySMx4vbaVf3gzIJWsB3A=",
            "content_base64sha512": "BF+783gYsMA06B1UVY1DQ4HFyINSmuTihkm0aKP13ZmLa98Wx8zf2O5e23YTnOnYRL8NFyknjGxfTzMOCCoyxQ==",
            "content_md5": "37148d8864fb8162fbd42e66024f4a70",
            "content_sha1": "5124cc7d6814dd5ae04a06bdf92963a7d289e5ed",
            "content_sha256": "9fab64d2b98f7bdd9be0fe44cd1f84c9c5b248cc78bdb6957f78332095ac0770",
            "content_sha512": "045fbbf37818b0c034e81d54558d434381c5c883529ae4e28649b468a3f5dd998b6bdf16c7ccdfd8ee5edb76139ce9d844bf0d1729278c6c5f4f330e082a32c5",
            "directory_permission": "0777",
            "file_permission": "0777",
            "filename": "kubeconfig",
            "id": "5124cc7d6814dd5ae04a06bdf92963a7d289e5ed",
            "sensitive_content": null,
            "source": null
          },
          "sensitive_attributes": [
            [
              {
                "type": "get_attr",
                "value": "sensitive_content"
              }
            ]
          ],
          "dependencies": [
            "aws_cloudwatch_log_group.log",
            "aws_eks_cluster.cluster",
            "aws_iam_role.cluster",
            "aws_iam_role_policy_attachment.cluster-AmazonEKSClusterPolicy",
            "aws_iam_role_policy_attachment.cluster-AmazonEKSVPCResourceController",
            "aws_security_group.sg",
            "aws_subnet.subnets",
            "aws_vpc.new-vpc",
            "data.aws_availability_zones.available"
          ]
        }
      ]
    }
  ],
  "check_results": null
}
